
Microsoft Visual Studio Solution File, Format Version 12.00
# Visual Studio Version 17
VisualStudioVersion = 17.11.35222.181
MinimumVisualStudioVersion = 10.0.40219.1
Project("{FAE04EC0-301F-11D3-BF4B-00C04F79EFBC}") = "Assign02", "Assign02\Assign02.csproj", "{51C57C0E-3357-432C-86FD-2D55A76BEE9F}"
EndProject
Project("{FAE04EC0-301F-11D3-BF4B-00C04F79EFBC}") = "TestProject1", "TestProject1\TestProject1.csproj", "{8E3CB9C9-5F3C-4E3C-B4C6-33D7F89BAD56}"
EndProject
Global
	GlobalSection(SolutionConfigurationPlatforms) = preSolution
		Debug|Any CPU = Debug|Any CPU
		Release|Any CPU = Release|Any CPU
	EndGlobalSection
	GlobalSection(ProjectConfigurationPlatforms) = postSolution
		{51C57C0E-3357-432C-86FD-2D55A76BEE9F}.Debug|Any CPU.ActiveCfg = Debug|Any CPU
		{51C57C0E-3357-432C-86FD-2D55A76BEE9F}.Debug|Any CPU.Build.0 = Debug|Any CPU
		{51C57C0E-3357-432C-86FD-2D55A76BEE9F}.Release|Any CPU.ActiveCfg = Release|Any CPU
		{51C57C0E-3357-432C-86FD-2D55A76BEE9F}.Release|Any CPU.Build.0 = Release|Any CPU
		{8E3CB9C9-5F3C-4E3C-B4C6-33D7F89BAD56}.Debug|Any CPU.ActiveCfg = Debug|Any CPU
		{8E3CB9C9-5F3C-4E3C-B4C6-33D7F89BAD56}.Debug|Any CPU.Build.0 = Debug|Any CPU
		{8E3CB9C9-5F3C-4E3C-B4C6-33D7F89BAD56}.Release|Any CPU.ActiveCfg = Release|Any CPU
		{8E3CB9C9-5F3C-4E3C-B4C6-33D7F89BAD56}.Release|Any CPU.Build.0 = Release|Any CPU
	EndGlobalSection
	GlobalSection(SolutionProperties) = preSolution
		HideSolutionNode = FALSE
	EndGlobalSection
	GlobalSection(ExtensibilityGlobals) = postSolution
		SolutionGuid = {5587DE0C-F68B-4705-ABB0-580E5AD6F9E3}
	EndGlobalSection
EndGlobal
